
Microsoft Visual Studio Solution File, Format Version 12.00
# Visual Studio Version 17
VisualStudioVersion = 17.9.34723.18
MinimumVisualStudioVersion = 10.0.40219.1
Project("{FAE04EC0-301F-11D3-BF4B-00C04F79EFBC}") = "Questao_03", "Questao_03.csproj", "{762525E6-01BF-4DB9-9800-241A3BE31EE2}"
EndProject
Global
	GlobalSection(SolutionConfigurationPlatforms) = preSolution
		Debug|Any CPU = Debug|Any CPU
		Release|Any CPU = Release|Any CPU
	EndGlobalSection
	GlobalSection(ProjectConfigurationPlatforms) = postSolution
		{762525E6-01BF-4DB9-9800-241A3BE31EE2}.Debug|Any CPU.ActiveCfg = Debug|Any CPU
		{762525E6-01BF-4DB9-9800-241A3BE31EE2}.Debug|Any CPU.Build.0 = Debug|Any CPU
		{762525E6-01BF-4DB9-9800-241A3BE31EE2}.Release|Any CPU.ActiveCfg = Release|Any CPU
		{762525E6-01BF-4DB9-9800-241A3BE31EE2}.Release|Any CPU.Build.0 = Release|Any CPU
	EndGlobalSection
	GlobalSection(SolutionProperties) = preSolution
		HideSolutionNode = FALSE
	EndGlobalSection
	GlobalSection(ExtensibilityGlobals) = postSolution
		SolutionGuid = {C995A96E-014B-4CB0-90A4-756B9D0534FA}
	EndGlobalSection
EndGlobal
