
Microsoft Visual Studio Solution File, Format Version 12.00
# Visual Studio Version 17
VisualStudioVersion = 17.9.34723.18
MinimumVisualStudioVersion = 10.0.40219.1
Project("{FAE04EC0-301F-11D3-BF4B-00C04F79EFBC}") = "Questao_04", "Questao_04.csproj", "{BCD41F5F-6BF5-4F06-ADF1-2C5D04061F7A}"
EndProject
Global
	GlobalSection(SolutionConfigurationPlatforms) = preSolution
		Debug|Any CPU = Debug|Any CPU
		Release|Any CPU = Release|Any CPU
	EndGlobalSection
	GlobalSection(ProjectConfigurationPlatforms) = postSolution
		{BCD41F5F-6BF5-4F06-ADF1-2C5D04061F7A}.Debug|Any CPU.ActiveCfg = Debug|Any CPU
		{BCD41F5F-6BF5-4F06-ADF1-2C5D04061F7A}.Debug|Any CPU.Build.0 = Debug|Any CPU
		{BCD41F5F-6BF5-4F06-ADF1-2C5D04061F7A}.Release|Any CPU.ActiveCfg = Release|Any CPU
		{BCD41F5F-6BF5-4F06-ADF1-2C5D04061F7A}.Release|Any CPU.Build.0 = Release|Any CPU
	EndGlobalSection
	GlobalSection(SolutionProperties) = preSolution
		HideSolutionNode = FALSE
	EndGlobalSection
	GlobalSection(ExtensibilityGlobals) = postSolution
		SolutionGuid = {F83BD691-D90E-45CC-9AF8-F07A40DA2D9C}
	EndGlobalSection
EndGlobal
