
Microsoft Visual Studio Solution File, Format Version 12.00
# Visual Studio Version 17
VisualStudioVersion = 17.9.34723.18
MinimumVisualStudioVersion = 10.0.40219.1
Project("{FAE04EC0-301F-11D3-BF4B-00C04F79EFBC}") = "Questao_02", "Questao_02.csproj", "{5720445D-1E30-4DDE-A515-49CEF32CBFD5}"
EndProject
Global
	GlobalSection(SolutionConfigurationPlatforms) = preSolution
		Debug|Any CPU = Debug|Any CPU
		Release|Any CPU = Release|Any CPU
	EndGlobalSection
	GlobalSection(ProjectConfigurationPlatforms) = postSolution
		{5720445D-1E30-4DDE-A515-49CEF32CBFD5}.Debug|Any CPU.ActiveCfg = Debug|Any CPU
		{5720445D-1E30-4DDE-A515-49CEF32CBFD5}.Debug|Any CPU.Build.0 = Debug|Any CPU
		{5720445D-1E30-4DDE-A515-49CEF32CBFD5}.Release|Any CPU.ActiveCfg = Release|Any CPU
		{5720445D-1E30-4DDE-A515-49CEF32CBFD5}.Release|Any CPU.Build.0 = Release|Any CPU
	EndGlobalSection
	GlobalSection(SolutionProperties) = preSolution
		HideSolutionNode = FALSE
	EndGlobalSection
	GlobalSection(ExtensibilityGlobals) = postSolution
		SolutionGuid = {64103DD9-AB54-4F2D-AEA8-14FB33C5CFF8}
	EndGlobalSection
EndGlobal
